
Microsoft Visual Studio Solution File, Format Version 12.00
# Visual Studio 15
VisualStudioVersion = 15.0.26430.16
MinimumVisualStudioVersion = 10.0.40219.1
Project("{FAE04EC0-301F-11D3-BF4B-00C04F79EFBC}") = "VideoAppBLL", "VideoAppBLL\VideoAppBLL.csproj", "{4B1BF62F-37B7-4A54-83DB-6D89BD206C24}"
EndProject
Project("{FAE04EC0-301F-11D3-BF4B-00C04F79EFBC}") = "VideoAppDAL", "VideoAppDAL\VideoAppDAL.csproj", "{D7A65E69-38B4-4269-9CF7-9EAC236180AA}"
EndProject
Project("{FAE04EC0-301F-11D3-BF4B-00C04F79EFBC}") = "VideoAppEntity", "VideoAppEntity\VideoAppEntity.csproj", "{6D3478DA-B255-4758-B4FE-8B8D6BF74AC8}"
EndProject
Project("{FAE04EC0-301F-11D3-BF4B-00C04F79EFBC}") = "VideoAppUI", "VideoAppUI\VideoAppUI.csproj", "{49131FFA-3E24-4213-A203-5DA07FA0A0F7}"
EndProject
Global
	GlobalSection(SolutionConfigurationPlatforms) = preSolution
		Debug|Any CPU = Debug|Any CPU
		Release|Any CPU = Release|Any CPU
	EndGlobalSection
	GlobalSection(ProjectConfigurationPlatforms) = postSolution
		{4B1BF62F-37B7-4A54-83DB-6D89BD206C24}.Debug|Any CPU.ActiveCfg = Debug|Any CPU
		{4B1BF62F-37B7-4A54-83DB-6D89BD206C24}.Debug|Any CPU.Build.0 = Debug|Any CPU
		{4B1BF62F-37B7-4A54-83DB-6D89BD206C24}.Release|Any CPU.ActiveCfg = Release|Any CPU
		{4B1BF62F-37B7-4A54-83DB-6D89BD206C24}.Release|Any CPU.Build.0 = Release|Any CPU
		{D7A65E69-38B4-4269-9CF7-9EAC236180AA}.Debug|Any CPU.ActiveCfg = Debug|Any CPU
		{D7A65E69-38B4-4269-9CF7-9EAC236180AA}.Debug|Any CPU.Build.0 = Debug|Any CPU
		{D7A65E69-38B4-4269-9CF7-9EAC236180AA}.Release|Any CPU.ActiveCfg = Release|Any CPU
		{D7A65E69-38B4-4269-9CF7-9EAC236180AA}.Release|Any CPU.Build.0 = Release|Any CPU
		{6D3478DA-B255-4758-B4FE-8B8D6BF74AC8}.Debug|Any CPU.ActiveCfg = Debug|Any CPU
		{6D3478DA-B255-4758-B4FE-8B8D6BF74AC8}.Debug|Any CPU.Build.0 = Debug|Any CPU
		{6D3478DA-B255-4758-B4FE-8B8D6BF74AC8}.Release|Any CPU.ActiveCfg = Release|Any CPU
		{6D3478DA-B255-4758-B4FE-8B8D6BF74AC8}.Release|Any CPU.Build.0 = Release|Any CPU
		{49131FFA-3E24-4213-A203-5DA07FA0A0F7}.Debug|Any CPU.ActiveCfg = Debug|Any CPU
		{49131FFA-3E24-4213-A203-5DA07FA0A0F7}.Debug|Any CPU.Build.0 = Debug|Any CPU
		{49131FFA-3E24-4213-A203-5DA07FA0A0F7}.Release|Any CPU.ActiveCfg = Release|Any CPU
		{49131FFA-3E24-4213-A203-5DA07FA0A0F7}.Release|Any CPU.Build.0 = Release|Any CPU
	EndGlobalSection
	GlobalSection(SolutionProperties) = preSolution
		HideSolutionNode = FALSE
	EndGlobalSection
EndGlobal
